
Microsoft Visual Studio Solution File, Format Version 12.00
# Visual Studio Version 17
VisualStudioVersion = 17.11.35327.3
MinimumVisualStudioVersion = 10.0.40219.1
Project("{FAE04EC0-301F-11D3-BF4B-00C04F79EFBC}") = "MDLSoft.StringParsers", "MDLSoft.StringParsers\MDLSoft.StringParsers.csproj", "{F97C95B2-BF63-47DE-BC5B-A136E8DD34CD}"
EndProject
Global
	GlobalSection(SolutionConfigurationPlatforms) = preSolution
		Debug|Any CPU = Debug|Any CPU
		Release|Any CPU = Release|Any CPU
	EndGlobalSection
	GlobalSection(ProjectConfigurationPlatforms) = postSolution
		{F97C95B2-BF63-47DE-BC5B-A136E8DD34CD}.Debug|Any CPU.ActiveCfg = Debug|Any CPU
		{F97C95B2-BF63-47DE-BC5B-A136E8DD34CD}.Debug|Any CPU.Build.0 = Debug|Any CPU
		{F97C95B2-BF63-47DE-BC5B-A136E8DD34CD}.Release|Any CPU.ActiveCfg = Release|Any CPU
		{F97C95B2-BF63-47DE-BC5B-A136E8DD34CD}.Release|Any CPU.Build.0 = Release|Any CPU
	EndGlobalSection
	GlobalSection(SolutionProperties) = preSolution
		HideSolutionNode = FALSE
	EndGlobalSection
	GlobalSection(ExtensibilityGlobals) = postSolution
		SolutionGuid = {3A339F5B-ACE8-441A-B398-CAA3B15D1990}
	EndGlobalSection
EndGlobal
